// !$*UTF8*$!
{
	archiveVersion = 1;
	classes = {
	};
	objectVersion = 77;
	objects = {

/* Begin PBXBuildFile section */
		2484FDCA2F0B17EA0010C41A /* WidgetKit.framework in Frameworks */ = {isa = PBXBuildFile; fileRef = 2484FDC92F0B17EA0010C41A /* WidgetKit.framework */; };
		2484FDCC2F0B17EA0010C41A /* SwiftUI.framework in Frameworks */ = {isa = PBXBuildFile; fileRef = 2484FDCB2F0B17EA0010C41A /* SwiftUI.framework */; };
		2484FDD92F0B17EB0010C41A /* TJExtension.appex in Embed Foundation Extensions */ = {isa = PBXBuildFile; fileRef = 2484FDC72F0B17EA0010C41A /* TJExtension.appex */; settings = {ATTRIBUTES = (RemoveHeadersOnCopy, ); }; };
/* End PBXBuildFile section */

/* Begin PBXContainerItemProxy section */
		2484FDD72F0B17EB0010C41A /* PBXContainerItemProxy */ = {
			isa = PBXContainerItemProxy;
			containerPortal = 24E83F692EF344F50028CAC5 /* Project object */;
			proxyType = 1;
			remoteGlobalIDString = 2484FDC62F0B17EA0010C41A;
			remoteInfo = TJExtension;
		};
/* End PBXContainerItemProxy section */

/* Begin PBXCopyFilesBuildPhase section */
		2484FDDE2F0B17EB0010C41A /* Embed Foundation Extensions */ = {
			isa = PBXCopyFilesBuildPhase;
			buildActionMask = 2147483647;
			dstPath = "";
			dstSubfolderSpec = 13;
			files = (
				2484FDD92F0B17EB0010C41A /* TJExtension.appex in Embed Foundation Extensions */,
			);
			name = "Embed Foundation Extensions";
			runOnlyForDeploymentPostprocessing = 0;
		};
/* End PBXCopyFilesBuildPhase section */

/* Begin PBXFileReference section */
		2484FDC72F0B17EA0010C41A /* TJExtension.appex */ = {isa = PBXFileReference; explicitFileType = "wrapper.app-extension"; includeInIndex = 0; path = TJExtension.appex; sourceTree = BUILT_PRODUCTS_DIR; };
		2484FDC92F0B17EA0010C41A /* WidgetKit.framework */ = {isa = PBXFileReference; lastKnownFileType = wrapper.framework; name = WidgetKit.framework; path = System/Library/Frameworks/WidgetKit.framework; sourceTree = SDKROOT; };
		2484FDCB2F0B17EA0010C41A /* SwiftUI.framework */ = {isa = PBXFileReference; lastKnownFileType = wrapper.framework; name = SwiftUI.framework; path = System/Library/Frameworks/SwiftUI.framework; sourceTree = SDKROOT; };
		24E83F712EF344F50028CAC5 /* Palveluspolku.app */ = {isa = PBXFileReference; explicitFileType = wrapper.application; includeInIndex = 0; path = Palveluspolku.app; sourceTree = BUILT_PRODUCTS_DIR; };
/* End PBXFileReference section */

/* Begin PBXFileSystemSynchronizedBuildFileExceptionSet section */
		2484FDDD2F0B17EB0010C41A /* Exceptions for "TJ" folder in "TJExtension" target */ = {
			isa = PBXFileSystemSynchronizedBuildFileExceptionSet;
			membershipExceptions = (
				Info.plist,
			);
			target = 2484FDC62F0B17EA0010C41A /* TJExtension */;
		};
		24CCEBC22EFABFFC0051E9CB /* Exceptions for "Palveluspolku" folder in "Palveluspolku" target */ = {
			isa = PBXFileSystemSynchronizedBuildFileExceptionSet;
			membershipExceptions = (
				Info.plist,
			);
			target = 24E83F702EF344F50028CAC5 /* Palveluspolku */;
		};
/* End PBXFileSystemSynchronizedBuildFileExceptionSet section */

/* Begin PBXFileSystemSynchronizedRootGroup section */
		2484FDCD2F0B17EA0010C41A /* TJ */ = {
			isa = PBXFileSystemSynchronizedRootGroup;
			exceptions = (
				2484FDDD2F0B17EB0010C41A /* Exceptions for "TJ" folder in "TJExtension" target */,
			);
			path = TJ;
			sourceTree = "<group>";
		};
		24E83F732EF344F50028CAC5 /* Palveluspolku */ = {
			isa = PBXFileSystemSynchronizedRootGroup;
			exceptions = (
				24CCEBC22EFABFFC0051E9CB /* Exceptions for "Palveluspolku" folder in "Palveluspolku" target */,
			);
			path = Palveluspolku;
			sourceTree = "<group>";
		};
/* End PBXFileSystemSynchronizedRootGroup section */

/* Begin PBXFrameworksBuildPhase section */
		2484FDC42F0B17EA0010C41A /* Frameworks */ = {
			isa = PBXFrameworksBuildPhase;
			buildActionMask = 2147483647;
			files = (
				2484FDCC2F0B17EA0010C41A /* SwiftUI.framework in Frameworks */,
				2484FDCA2F0B17EA0010C41A /* WidgetKit.framework in Frameworks */,
			);
			runOnlyForDeploymentPostprocessing = 0;
		};
		24E83F6E2EF344F50028CAC5 /* Frameworks */ = {
			isa = PBXFrameworksBuildPhase;
			buildActionMask = 2147483647;
			files = (
			);
			runOnlyForDeploymentPostprocessing = 0;
		};
/* End PBXFrameworksBuildPhase section */

/* Begin PBXGroup section */
		2484FDC82F0B17EA0010C41A /* Frameworks */ = {
			isa = PBXGroup;
			children = (
				2484FDC92F0B17EA0010C41A /* WidgetKit.framework */,
				2484FDCB2F0B17EA0010C41A /* SwiftUI.framework */,
			);
			name = Frameworks;
			sourceTree = "<group>";
		};
		24E83F682EF344F50028CAC5 = {
			isa = PBXGroup;
			children = (
				24E83F732EF344F50028CAC5 /* Palveluspolku */,
				2484FDCD2F0B17EA0010C41A /* TJ */,
				2484FDC82F0B17EA0010C41A /* Frameworks */,
				24E83F722EF344F50028CAC5 /* Products */,
			);
			sourceTree = "<group>";
		};
		24E83F722EF344F50028CAC5 /* Products */ = {
			isa = PBXGroup;
			children = (
				24E83F712EF344F50028CAC5 /* Palveluspolku.app */,
				2484FDC72F0B17EA0010C41A /* TJExtension.appex */,
			);
			name = Products;
			sourceTree = "<group>";
		};
/* End PBXGroup section */

/* Begin PBXNativeTarget section */
		2484FDC62F0B17EA0010C41A /* TJExtension */ = {
			isa = PBXNativeTarget;
			buildConfigurationList = 2484FDDA2F0B17EB0010C41A /* Build configuration list for PBXNativeTarget "TJExtension" */;
			buildPhases = (
				2484FDC32F0B17EA0010C41A /* Sources */,
				2484FDC42F0B17EA0010C41A /* Frameworks */,
				2484FDC52F0B17EA0010C41A /* Resources */,
			);
			buildRules = (
			);
			dependencies = (
			);
			fileSystemSynchronizedGroups = (
				2484FDCD2F0B17EA0010C41A /* TJ */,
			);
			name = TJExtension;
			packageProductDependencies = (
			);
			productName = TJExtension;
			productReference = 2484FDC72F0B17EA0010C41A /* TJExtension.appex */;
			productType = "com.apple.product-type.app-extension";
		};
		24E83F702EF344F50028CAC5 /* Palveluspolku */ = {
			isa = PBXNativeTarget;
			buildConfigurationList = 24E83F7E2EF344F60028CAC5 /* Build configuration list for PBXNativeTarget "Palveluspolku" */;
			buildPhases = (
				24E83F6D2EF344F50028CAC5 /* Sources */,
				24E83F6E2EF344F50028CAC5 /* Frameworks */,
				24E83F6F2EF344F50028CAC5 /* Resources */,
				2484FDDE2F0B17EB0010C41A /* Embed Foundation Extensions */,
			);
			buildRules = (
			);
			dependencies = (
				2484FDD82F0B17EB0010C41A /* PBXTargetDependency */,
			);
			fileSystemSynchronizedGroups = (
				24E83F732EF344F50028CAC5 /* Palveluspolku */,
			);
			name = Palveluspolku;
			packageProductDependencies = (
			);
			productName = Palveluspolku;
			productReference = 24E83F712EF344F50028CAC5 /* Palveluspolku.app */;
			productType = "com.apple.product-type.application";
		};
/* End PBXNativeTarget section */

/* Begin PBXProject section */
		24E83F692EF344F50028CAC5 /* Project object */ = {
			isa = PBXProject;
			attributes = {
				BuildIndependentTargetsInParallel = 1;
				LastSwiftUpdateCheck = 2620;
				LastUpgradeCheck = 2620;
				TargetAttributes = {
					2484FDC62F0B17EA0010C41A = {
						CreatedOnToolsVersion = 26.2;
					};
					24E83F702EF344F50028CAC5 = {
						CreatedOnToolsVersion = 26.2;
					};
				};
			};
			buildConfigurationList = 24E83F6C2EF344F50028CAC5 /* Build configuration list for PBXProject "Palveluspolku" */;
			developmentRegion = fi;
			hasScannedForEncodings = 0;
			knownRegions = (
				Base,
				fi,
			);
			mainGroup = 24E83F682EF344F50028CAC5;
			minimizedProjectReferenceProxies = 1;
			preferredProjectObjectVersion = 77;
			productRefGroup = 24E83F722EF344F50028CAC5 /* Products */;
			projectDirPath = "";
			projectRoot = "";
			targets = (
				24E83F702EF344F50028CAC5 /* Palveluspolku */,
				2484FDC62F0B17EA0010C41A /* TJExtension */,
			);
		};
/* End PBXProject section */

/* Begin PBXResourcesBuildPhase section */
		2484FDC52F0B17EA0010C41A /* Resources */ = {
			isa = PBXResourcesBuildPhase;
			buildActionMask = 2147483647;
			files = (
			);
			runOnlyForDeploymentPostprocessing = 0;
		};
		24E83F6F2EF344F50028CAC5 /* Resources */ = {
			isa = PBXResourcesBuildPhase;
			buildActionMask = 2147483647;
			files = (
			);
			runOnlyForDeploymentPostprocessing = 0;
		};
/* End PBXResourcesBuildPhase section */

/* Begin PBXSourcesBuildPhase section */
		2484FDC32F0B17EA0010C41A /* Sources */ = {
			isa = PBXSourcesBuildPhase;
			buildActionMask = 2147483647;
			files = (
			);
			runOnlyForDeploymentPostprocessing = 0;
		};
		24E83F6D2EF344F50028CAC5 /* Sources */ = {
			isa = PBXSourcesBuildPhase;
			buildActionMask = 2147483647;
			files = (
			);
			runOnlyForDeploymentPostprocessing = 0;
		};
/* End PBXSourcesBuildPhase section */

/* Begin PBXTargetDependency section */
		2484FDD82F0B17EB0010C41A /* PBXTargetDependency */ = {
			isa = PBXTargetDependency;
			target = 2484FDC62F0B17EA0010C41A /* TJExtension */;
			targetProxy = 2484FDD72F0B17EB0010C41A /* PBXContainerItemProxy */;
		};
/* End PBXTargetDependency section */

/* Begin XCBuildConfiguration section */
		2484FDDB2F0B17EB0010C41A /* Debug */ = {
			isa = XCBuildConfiguration;
			buildSettings = {
				ASSETCATALOG_COMPILER_GLOBAL_ACCENT_COLOR_NAME = AccentColor;
				ASSETCATALOG_COMPILER_WIDGET_BACKGROUND_COLOR_NAME = WidgetBackground;
				CODE_SIGN_STYLE = Automatic;
				CURRENT_PROJECT_VERSION = 1;
				DEVELOPMENT_TEAM = ZC82Y59CXU;
				GENERATE_INFOPLIST_FILE = YES;
				INFOPLIST_FILE = TJ/Info.plist;
				INFOPLIST_KEY_CFBundleDisplayName = TJ;
				INFOPLIST_KEY_NSHumanReadableCopyright = "";
				LD_RUNPATH_SEARCH_PATHS = (
					"$(inherited)",
					"@executable_path/Frameworks",
					"@executable_path/../../Frameworks",
				);
				MARKETING_VERSION = 1.0;
				PRODUCT_BUNDLE_IDENTIFIER = Palveluspolku.Palveluspolku.TJ;
				PRODUCT_NAME = "$(TARGET_NAME)";
				SKIP_INSTALL = YES;
				STRING_CATALOG_GENERATE_SYMBOLS = YES;
				SWIFT_APPROACHABLE_CONCURRENCY = YES;
				SWIFT_EMIT_LOC_STRINGS = YES;
				SWIFT_UPCOMING_FEATURE_MEMBER_IMPORT_VISIBILITY = YES;
				SWIFT_VERSION = 5.0;
				TARGETED_DEVICE_FAMILY = "1,2";
			};
			name = Debug;
		};
		2484FDDC2F0B17EB0010C41A /* Release */ = {
			isa = XCBuildConfiguration;
			buildSettings = {
				ASSETCATALOG_COMPILER_GLOBAL_ACCENT_COLOR_NAME = AccentColor;
				ASSETCATALOG_COMPILER_WIDGET_BACKGROUND_COLOR_NAME = WidgetBackground;
				CODE_SIGN_STYLE = Automatic;
				CURRENT_PROJECT_VERSION = 1;
				DEVELOPMENT_TEAM = ZC82Y59CXU;
				GENERATE_INFOPLIST_FILE = YES;
				INFOPLIST_FILE = TJ/Info.plist;
				INFOPLIST_KEY_CFBundleDisplayName = TJ;
				INFOPLIST_KEY_NSHumanReadableCopyright = "";
				LD_RUNPATH_SEARCH_PATHS = (
					"$(inherited)",
					"@executable_path/Frameworks",
					"@executable_path/../../Frameworks",
				);
				MARKETING_VERSION = 1.0;
				PRODUCT_BUNDLE_IDENTIFIER = Palveluspolku.Palveluspolku.TJ;
				PRODUCT_NAME = "$(TARGET_NAME)";
				SKIP_INSTALL = YES;
				STRING_CATALOG_GENERATE_SYMBOLS = YES;
				SWIFT_APPROACHABLE_CONCURRENCY = YES;
				SWIFT_EMIT_LOC_STRINGS = YES;
				SWIFT_UPCOMING_FEATURE_MEMBER_IMPORT_VISIBILITY = YES;
				SWIFT_VERSION = 5.0;
				TARGETED_DEVICE_FAMILY = "1,2";
			};
			name = Release;
		};
		24E83F7C2EF344F60028CAC5 /* Debug */ = {
			isa = XCBuildConfiguration;
			buildSettings = {
				ALWAYS_SEARCH_USER_PATHS = NO;
				ASSETCATALOG_COMPILER_GENERATE_SWIFT_ASSET_SYMBOL_EXTENSIONS = YES;
				CLANG_ANALYZER_NONNULL = YES;
				CLANG_ANALYZER_NUMBER_OBJECT_CONVERSION = YES_AGGRESSIVE;
				CLANG_CXX_LANGUAGE_STANDARD = "gnu++20";
				CLANG_ENABLE_MODULES = YES;
				CLANG_ENABLE_OBJC_ARC = YES;
				CLANG_ENABLE_OBJC_WEAK = YES;
				CLANG_WARN_BLOCK_CAPTURE_AUTORELEASING = YES;
				CLANG_WARN_BOOL_CONVERSION = YES;
				CLANG_WARN_COMMA = YES;
				CLANG_WARN_CONSTANT_CONVERSION = YES;
				CLANG_WARN_DEPRECATED_OBJC_IMPLEMENTATIONS = YES;
				CLANG_WARN_DIRECT_OBJC_ISA_USAGE = YES_ERROR;
				CLANG_WARN_DOCUMENTATION_COMMENTS = YES;
				CLANG_WARN_EMPTY_BODY = YES;
				CLANG_WARN_ENUM_CONVERSION = YES;
				CLANG_WARN_INFINITE_RECURSION = YES;
				CLANG_WARN_INT_CONVERSION = YES;
				CLANG_WARN_NON_LITERAL_NULL_CONVERSION = YES;
				CLANG_WARN_OBJC_IMPLICIT_RETAIN_SELF = YES;
				CLANG_WARN_OBJC_LITERAL_CONVERSION = YES;
				CLANG_WARN_OBJC_ROOT_CLASS = YES_ERROR;
				CLANG_WARN_QUOTED_INCLUDE_IN_FRAMEWORK_HEADER = YES;
				CLANG_WARN_RANGE_LOOP_ANALYSIS = YES;
				CLANG_WARN_STRICT_PROTOTYPES = YES;
				CLANG_WARN_SUSPICIOUS_MOVE = YES;
				CLANG_WARN_UNGUARDED_AVAILABILITY = YES_AGGRESSIVE;
				CLANG_WARN_UNREACHABLE_CODE = YES;
				CLANG_WARN__DUPLICATE_METHOD_MATCH = YES;
				COPY_PHASE_STRIP = NO;
				DEBUG_INFORMATION_FORMAT = dwarf;
				DEVELOPMENT_TEAM = ZC82Y59CXU;
				ENABLE_STRICT_OBJC_MSGSEND = YES;
				ENABLE_TESTABILITY = YES;
				ENABLE_USER_SCRIPT_SANDBOXING = YES;
				GCC_C_LANGUAGE_STANDARD = gnu17;
				GCC_DYNAMIC_NO_PIC = NO;
				GCC_NO_COMMON_BLOCKS = YES;
				GCC_OPTIMIZATION_LEVEL = 0;
				GCC_PREPROCESSOR_DEFINITIONS = (
					"DEBUG=1",
					"$(inherited)",
				);
				GCC_WARN_64_TO_32_BIT_CONVERSION = YES;
				GCC_WARN_ABOUT_RETURN_TYPE = YES_ERROR;
				GCC_WARN_UNDECLARED_SELECTOR = YES;
				GCC_WARN_UNINITIALIZED_AUTOS = YES_AGGRESSIVE;
				GCC_WARN_UNUSED_FUNCTION = YES;
				GCC_WARN_UNUSED_VARIABLE = YES;
				IPHONEOS_DEPLOYMENT_TARGET = 26.2;
				LOCALIZATION_PREFERS_STRING_CATALOGS = YES;
				MTL_ENABLE_DEBUG_INFO = INCLUDE_SOURCE;
				MTL_FAST_MATH = YES;
				ONLY_ACTIVE_ARCH = YES;
				SDKROOT = iphoneos;
				SWIFT_ACTIVE_COMPILATION_CONDITIONS = "DEBUG $(inherited)";
				SWIFT_OPTIMIZATION_LEVEL = "-Onone";
			};
			name = Debug;
		};
		24E83F7D2EF344F60028CAC5 /* Release */ = {
			isa = XCBuildConfiguration;
			buildSettings = {
				ALWAYS_SEARCH_USER_PATHS = NO;
				ASSETCATALOG_COMPILER_GENERATE_SWIFT_ASSET_SYMBOL_EXTENSIONS = YES;
				CLANG_ANALYZER_NONNULL = YES;
				CLANG_ANALYZER_NUMBER_OBJECT_CONVERSION = YES_AGGRESSIVE;
				CLANG_CXX_LANGUAGE_STANDARD = "gnu++20";
				CLANG_ENABLE_MODULES = YES;
				CLANG_ENABLE_OBJC_ARC = YES;
				CLANG_ENABLE_OBJC_WEAK = YES;
				CLANG_WARN_BLOCK_CAPTURE_AUTORELEASING = YES;
				CLANG_WARN_BOOL_CONVERSION = YES;
				CLANG_WARN_COMMA = YES;
				CLANG_WARN_CONSTANT_CONVERSION = YES;
				CLANG_WARN_DEPRECATED_OBJC_IMPLEMENTATIONS = YES;
				CLANG_WARN_DIRECT_OBJC_ISA_USAGE = YES_ERROR;
				CLANG_WARN_DOCUMENTATION_COMMENTS = YES;
				CLANG_WARN_EMPTY_BODY = YES;
				CLANG_WARN_ENUM_CONVERSION = YES;
				CLANG_WARN_INFINITE_RECURSION = YES;
				CLANG_WARN_INT_CONVERSION = YES;
				CLANG_WARN_NON_LITERAL_NULL_CONVERSION = YES;
				CLANG_WARN_OBJC_IMPLICIT_RETAIN_SELF = YES;
				CLANG_WARN_OBJC_LITERAL_CONVERSION = YES;
				CLANG_WARN_OBJC_ROOT_CLASS = YES_ERROR;
				CLANG_WARN_QUOTED_INCLUDE_IN_FRAMEWORK_HEADER = YES;
				CLANG_WARN_RANGE_LOOP_ANALYSIS = YES;
				CLANG_WARN_STRICT_PROTOTYPES = YES;
				CLANG_WARN_SUSPICIOUS_MOVE = YES;
				CLANG_WARN_UNGUARDED_AVAILABILITY = YES_AGGRESSIVE;
				CLANG_WARN_UNREACHABLE_CODE = YES;
				CLANG_WARN__DUPLICATE_METHOD_MATCH = YES;
				COPY_PHASE_STRIP = NO;
				DEBUG_INFORMATION_FORMAT = "dwarf-with-dsym";
				DEVELOPMENT_TEAM = ZC82Y59CXU;
				ENABLE_NS_ASSERTIONS = NO;
				ENABLE_STRICT_OBJC_MSGSEND = YES;
				ENABLE_USER_SCRIPT_SANDBOXING = YES;
				GCC_C_LANGUAGE_STANDARD = gnu17;
				GCC_NO_COMMON_BLOCKS = YES;
				GCC_WARN_64_TO_32_BIT_CONVERSION = YES;
				GCC_WARN_ABOUT_RETURN_TYPE = YES_ERROR;
				GCC_WARN_UNDECLARED_SELECTOR = YES;
				GCC_WARN_UNINITIALIZED_AUTOS = YES_AGGRESSIVE;
				GCC_WARN_UNUSED_FUNCTION = YES;
				GCC_WARN_UNUSED_VARIABLE = YES;
				IPHONEOS_DEPLOYMENT_TARGET = 26.2;
				LOCALIZATION_PREFERS_STRING_CATALOGS = YES;
				MTL_ENABLE_DEBUG_INFO = NO;
				MTL_FAST_MATH = YES;
				SDKROOT = iphoneos;
				SWIFT_COMPILATION_MODE = wholemodule;
				VALIDATE_PRODUCT = YES;
			};
			name = Release;
		};
		24E83F7F2EF344F60028CAC5 /* Debug */ = {
			isa = XCBuildConfiguration;
			buildSettings = {
				ASSETCATALOG_COMPILER_APPICON_NAME = AppIcon;
				ASSETCATALOG_COMPILER_GLOBAL_ACCENT_COLOR_NAME = AccentColor;
				CODE_SIGN_STYLE = Automatic;
				CURRENT_PROJECT_VERSION = 5;
				DEVELOPMENT_TEAM = ZC82Y59CXU;
				ENABLE_PREVIEWS = YES;
				GENERATE_INFOPLIST_FILE = YES;
				INFOPLIST_FILE = Palveluspolku/Info.plist;
				INFOPLIST_KEY_CFBundleDisplayName = "Särmä";
				INFOPLIST_KEY_UIApplicationSceneManifest_Generation = YES;
				INFOPLIST_KEY_UIApplicationSupportsIndirectInputEvents = YES;
				INFOPLIST_KEY_UILaunchScreen_Generation = YES;
				INFOPLIST_KEY_UILaunchStoryboardName = Launchscreen.swift;
				INFOPLIST_KEY_UISupportedInterfaceOrientations_iPad = "UIInterfaceOrientationPortrait UIInterfaceOrientationPortraitUpsideDown UIInterfaceOrientationLandscapeLeft UIInterfaceOrientationLandscapeRight";
				INFOPLIST_KEY_UISupportedInterfaceOrientations_iPhone = "UIInterfaceOrientationPortrait UIInterfaceOrientationLandscapeLeft UIInterfaceOrientationLandscapeRight";
				IPHONEOS_DEPLOYMENT_TARGET = 17.6;
				LD_RUNPATH_SEARCH_PATHS = (
					"$(inherited)",
					"@executable_path/Frameworks",
				);
				MARKETING_VERSION = 1.4;
				PRODUCT_BUNDLE_IDENTIFIER = Palveluspolku.Palveluspolku;
				PRODUCT_NAME = "$(TARGET_NAME)";
				STRING_CATALOG_GENERATE_SYMBOLS = YES;
				SWIFT_APPROACHABLE_CONCURRENCY = YES;
				SWIFT_DEFAULT_ACTOR_ISOLATION = MainActor;
				SWIFT_EMIT_LOC_STRINGS = YES;
				SWIFT_UPCOMING_FEATURE_MEMBER_IMPORT_VISIBILITY = YES;
				SWIFT_VERSION = 5.0;
				TARGETED_DEVICE_FAMILY = "1,2";
			};
			name = Debug;
		};
		24E83F802EF344F60028CAC5 /* Release */ = {
			isa = XCBuildConfiguration;
			buildSettings = {
				ASSETCATALOG_COMPILER_APPICON_NAME = AppIcon;
				ASSETCATALOG_COMPILER_GLOBAL_ACCENT_COLOR_NAME = AccentColor;
				CODE_SIGN_STYLE = Automatic;
				CURRENT_PROJECT_VERSION = 5;
				DEVELOPMENT_TEAM = ZC82Y59CXU;
				ENABLE_PREVIEWS = YES;
				GENERATE_INFOPLIST_FILE = YES;
				INFOPLIST_FILE = Palveluspolku/Info.plist;
				INFOPLIST_KEY_CFBundleDisplayName = "Särmä";
				INFOPLIST_KEY_UIApplicationSceneManifest_Generation = YES;
				INFOPLIST_KEY_UIApplicationSupportsIndirectInputEvents = YES;
				INFOPLIST_KEY_UILaunchScreen_Generation = YES;
				INFOPLIST_KEY_UILaunchStoryboardName = Launchscreen.swift;
				INFOPLIST_KEY_UISupportedInterfaceOrientations_iPad = "UIInterfaceOrientationPortrait UIInterfaceOrientationPortraitUpsideDown UIInterfaceOrientationLandscapeLeft UIInterfaceOrientationLandscapeRight";
				INFOPLIST_KEY_UISupportedInterfaceOrientations_iPhone = "UIInterfaceOrientationPortrait UIInterfaceOrientationLandscapeLeft UIInterfaceOrientationLandscapeRight";
				IPHONEOS_DEPLOYMENT_TARGET = 17.6;
				LD_RUNPATH_SEARCH_PATHS = (
					"$(inherited)",
					"@executable_path/Frameworks",
				);
				MARKETING_VERSION = 1.4;
				PRODUCT_BUNDLE_IDENTIFIER = Palveluspolku.Palveluspolku;
				PRODUCT_NAME = "$(TARGET_NAME)";
				STRING_CATALOG_GENERATE_SYMBOLS = YES;
				SWIFT_APPROACHABLE_CONCURRENCY = YES;
				SWIFT_DEFAULT_ACTOR_ISOLATION = MainActor;
				SWIFT_EMIT_LOC_STRINGS = YES;
				SWIFT_UPCOMING_FEATURE_MEMBER_IMPORT_VISIBILITY = YES;
				SWIFT_VERSION = 5.0;
				TARGETED_DEVICE_FAMILY = "1,2";
			};
			name = Release;
		};
/* End XCBuildConfiguration section */

/* Begin XCConfigurationList section */
		2484FDDA2F0B17EB0010C41A /* Build configuration list for PBXNativeTarget "TJExtension" */ = {
			isa = XCConfigurationList;
			buildConfigurations = (
				2484FDDB2F0B17EB0010C41A /* Debug */,
				2484FDDC2F0B17EB0010C41A /* Release */,
			);
			defaultConfigurationIsVisible = 0;
			defaultConfigurationName = Release;
		};
		24E83F6C2EF344F50028CAC5 /* Build configuration list for PBXProject "Palveluspolku" */ = {
			isa = XCConfigurationList;
			buildConfigurations = (
				24E83F7C2EF344F60028CAC5 /* Debug */,
				24E83F7D2EF344F60028CAC5 /* Release */,
			);
			defaultConfigurationIsVisible = 0;
			defaultConfigurationName = Release;
		};
		24E83F7E2EF344F60028CAC5 /* Build configuration list for PBXNativeTarget "Palveluspolku" */ = {
			isa = XCConfigurationList;
			buildConfigurations = (
				24E83F7F2EF344F60028CAC5 /* Debug */,
				24E83F802EF344F60028CAC5 /* Release */,
			);
			defaultConfigurationIsVisible = 0;
			defaultConfigurationName = Release;
		};
/* End XCConfigurationList section */
	};
	rootObject = 24E83F692EF344F50028CAC5 /* Project object */;
}
