// !$*UTF8*$!
{
	archiveVersion = 1;
	classes = {
	};
	objectVersion = 77;
	objects = {

/* Begin PBXBuildFile section */
		245B83F62F181CC700EECC6B /* ConfettiSwiftUI in Frameworks */ = {isa = PBXBuildFile; productRef = 245B83F52F181CC700EECC6B /* ConfettiSwiftUI */; };
		24BD6F8B2F0F2B7B0047E3BB /* RevenueCat in Frameworks */ = {isa = PBXBuildFile; productRef = 24BD6F8A2F0F2B7B0047E3BB /* RevenueCat */; };
		24BD6F8D2F0F2B7B0047E3BB /* RevenueCatUI in Frameworks */ = {isa = PBXBuildFile; productRef = 24BD6F8C2F0F2B7B0047E3BB /* RevenueCatUI */; };
		24EE11AB2F0D88FD0003DEC4 /* WidgetKit.framework in Frameworks */ = {isa = PBXBuildFile; fileRef = 2484FDC92F0B17EA0010C41A /* WidgetKit.framework */; };
		24EE11AC2F0D88FD0003DEC4 /* SwiftUI.framework in Frameworks */ = {isa = PBXBuildFile; fileRef = 2484FDCB2F0B17EA0010C41A /* SwiftUI.framework */; };
		24EE11B72F0D88FE0003DEC4 /* ServiceCountdownWidgetExtension.appex in Embed Foundation Extensions */ = {isa = PBXBuildFile; fileRef = 24EE11AA2F0D88FD0003DEC4 /* ServiceCountdownWidgetExtension.appex */; settings = {ATTRIBUTES = (RemoveHeadersOnCopy, ); }; };
/* End PBXBuildFile section */

/* Begin PBXContainerItemProxy section */
		24EE11B52F0D88FE0003DEC4 /* PBXContainerItemProxy */ = {
			isa = PBXContainerItemProxy;
			containerPortal = 24E83F692EF344F50028CAC5 /* Project object */;
			proxyType = 1;
			remoteGlobalIDString = 24EE11A92F0D88FD0003DEC4;
			remoteInfo = ServiceCountdownWidgetExtension;
		};
/* End PBXContainerItemProxy section */

/* Begin PBXCopyFilesBuildPhase section */
		2484FDDE2F0B17EB0010C41A /* Embed Foundation Extensions */ = {
			isa = PBXCopyFilesBuildPhase;
			buildActionMask = 2147483647;
			dstPath = "";
			dstSubfolderSpec = 13;
			files = (
				24EE11B72F0D88FE0003DEC4 /* ServiceCountdownWidgetExtension.appex in Embed Foundation Extensions */,
			);
			name = "Embed Foundation Extensions";
			runOnlyForDeploymentPostprocessing = 0;
		};
/* End PBXCopyFilesBuildPhase section */

/* Begin PBXFileReference section */
		2484FDC92F0B17EA0010C41A /* WidgetKit.framework */ = {isa = PBXFileReference; lastKnownFileType = wrapper.framework; name = WidgetKit.framework; path = System/Library/Frameworks/WidgetKit.framework; sourceTree = SDKROOT; };
		2484FDCB2F0B17EA0010C41A /* SwiftUI.framework */ = {isa = PBXFileReference; lastKnownFileType = wrapper.framework; name = SwiftUI.framework; path = System/Library/Frameworks/SwiftUI.framework; sourceTree = SDKROOT; };
		24E83F712EF344F50028CAC5 /* Palveluspolku.app */ = {isa = PBXFileReference; explicitFileType = wrapper.application; includeInIndex = 0; path = Palveluspolku.app; sourceTree = BUILT_PRODUCTS_DIR; };
		24EE11AA2F0D88FD0003DEC4 /* ServiceCountdownWidgetExtension.appex */ = {isa = PBXFileReference; explicitFileType = "wrapper.app-extension"; includeInIndex = 0; path = ServiceCountdownWidgetExtension.appex; sourceTree = BUILT_PRODUCTS_DIR; };
		24EE11BC2F0D89180003DEC4 /* ServiceCountdownWidgetExtension.entitlements */ = {isa = PBXFileReference; lastKnownFileType = text.plist.entitlements; path = ServiceCountdownWidgetExtension.entitlements; sourceTree = "<group>"; };
/* End PBXFileReference section */

/* Begin PBXFileSystemSynchronizedBuildFileExceptionSet section */
		24CCEBC22EFABFFC0051E9CB /* Exceptions for "Palveluspolku" folder in "Palveluspolku" target */ = {
			isa = PBXFileSystemSynchronizedBuildFileExceptionSet;
			membershipExceptions = (
				Info.plist,
			);
			target = 24E83F702EF344F50028CAC5 /* Palveluspolku */;
		};
		24EE11BB2F0D88FE0003DEC4 /* Exceptions for "ServiceCountdownWidget" folder in "ServiceCountdownWidgetExtension" target */ = {
			isa = PBXFileSystemSynchronizedBuildFileExceptionSet;
			membershipExceptions = (
				Info.plist,
			);
			target = 24EE11A92F0D88FD0003DEC4 /* ServiceCountdownWidgetExtension */;
		};
		24EE11C12F0D89C70003DEC4 /* Exceptions for "Palveluspolku" folder in "ServiceCountdownWidgetExtension" target */ = {
			isa = PBXFileSystemSynchronizedBuildFileExceptionSet;
			membershipExceptions = (
				Shared/SharedDataManager.swift,
			);
			target = 24EE11A92F0D88FD0003DEC4 /* ServiceCountdownWidgetExtension */;
		};
/* End PBXFileSystemSynchronizedBuildFileExceptionSet section */

/* Begin PBXFileSystemSynchronizedRootGroup section */
		24E83F732EF344F50028CAC5 /* Palveluspolku */ = {
			isa = PBXFileSystemSynchronizedRootGroup;
			exceptions = (
				24CCEBC22EFABFFC0051E9CB /* Exceptions for "Palveluspolku" folder in "Palveluspolku" target */,
				24EE11C12F0D89C70003DEC4 /* Exceptions for "Palveluspolku" folder in "ServiceCountdownWidgetExtension" target */,
			);
			path = Palveluspolku;
			sourceTree = "<group>";
		};
		24EE11AD2F0D88FD0003DEC4 /* ServiceCountdownWidget */ = {
			isa = PBXFileSystemSynchronizedRootGroup;
			exceptions = (
				24EE11BB2F0D88FE0003DEC4 /* Exceptions for "ServiceCountdownWidget" folder in "ServiceCountdownWidgetExtension" target */,
			);
			path = ServiceCountdownWidget;
			sourceTree = "<group>";
		};
/* End PBXFileSystemSynchronizedRootGroup section */

/* Begin PBXFrameworksBuildPhase section */
		24E83F6E2EF344F50028CAC5 /* Frameworks */ = {
			isa = PBXFrameworksBuildPhase;
			buildActionMask = 2147483647;
			files = (
				245B83F62F181CC700EECC6B /* ConfettiSwiftUI in Frameworks */,
				24BD6F8D2F0F2B7B0047E3BB /* RevenueCatUI in Frameworks */,
				24BD6F8B2F0F2B7B0047E3BB /* RevenueCat in Frameworks */,
			);
			runOnlyForDeploymentPostprocessing = 0;
		};
		24EE11A72F0D88FD0003DEC4 /* Frameworks */ = {
			isa = PBXFrameworksBuildPhase;
			buildActionMask = 2147483647;
			files = (
				24EE11AC2F0D88FD0003DEC4 /* SwiftUI.framework in Frameworks */,
				24EE11AB2F0D88FD0003DEC4 /* WidgetKit.framework in Frameworks */,
			);
			runOnlyForDeploymentPostprocessing = 0;
		};
/* End PBXFrameworksBuildPhase section */

/* Begin PBXGroup section */
		2484FDC82F0B17EA0010C41A /* Frameworks */ = {
			isa = PBXGroup;
			children = (
				2484FDC92F0B17EA0010C41A /* WidgetKit.framework */,
				2484FDCB2F0B17EA0010C41A /* SwiftUI.framework */,
			);
			name = Frameworks;
			sourceTree = "<group>";
		};
		24E83F682EF344F50028CAC5 = {
			isa = PBXGroup;
			children = (
				24EE11BC2F0D89180003DEC4 /* ServiceCountdownWidgetExtension.entitlements */,
				24E83F732EF344F50028CAC5 /* Palveluspolku */,
				24EE11AD2F0D88FD0003DEC4 /* ServiceCountdownWidget */,
				2484FDC82F0B17EA0010C41A /* Frameworks */,
				24E83F722EF344F50028CAC5 /* Products */,
			);
			sourceTree = "<group>";
		};
		24E83F722EF344F50028CAC5 /* Products */ = {
			isa = PBXGroup;
			children = (
				24E83F712EF344F50028CAC5 /* Palveluspolku.app */,
				24EE11AA2F0D88FD0003DEC4 /* ServiceCountdownWidgetExtension.appex */,
			);
			name = Products;
			sourceTree = "<group>";
		};
/* End PBXGroup section */

/* Begin PBXNativeTarget section */
		24E83F702EF344F50028CAC5 /* Palveluspolku */ = {
			isa = PBXNativeTarget;
			buildConfigurationList = 24E83F7E2EF344F60028CAC5 /* Build configuration list for PBXNativeTarget "Palveluspolku" */;
			buildPhases = (
				24E83F6D2EF344F50028CAC5 /* Sources */,
				24E83F6E2EF344F50028CAC5 /* Frameworks */,
				24E83F6F2EF344F50028CAC5 /* Resources */,
				2484FDDE2F0B17EB0010C41A /* Embed Foundation Extensions */,
			);
			buildRules = (
			);
			dependencies = (
				24EE11B62F0D88FE0003DEC4 /* PBXTargetDependency */,
			);
			fileSystemSynchronizedGroups = (
				24E83F732EF344F50028CAC5 /* Palveluspolku */,
			);
			name = Palveluspolku;
			packageProductDependencies = (
				24BD6F8A2F0F2B7B0047E3BB /* RevenueCat */,
				24BD6F8C2F0F2B7B0047E3BB /* RevenueCatUI */,
				245B83F52F181CC700EECC6B /* ConfettiSwiftUI */,
			);
			productName = Palveluspolku;
			productReference = 24E83F712EF344F50028CAC5 /* Palveluspolku.app */;
			productType = "com.apple.product-type.application";
		};
		24EE11A92F0D88FD0003DEC4 /* ServiceCountdownWidgetExtension */ = {
			isa = PBXNativeTarget;
			buildConfigurationList = 24EE11B82F0D88FE0003DEC4 /* Build configuration list for PBXNativeTarget "ServiceCountdownWidgetExtension" */;
			buildPhases = (
				24EE11A62F0D88FD0003DEC4 /* Sources */,
				24EE11A72F0D88FD0003DEC4 /* Frameworks */,
				24EE11A82F0D88FD0003DEC4 /* Resources */,
			);
			buildRules = (
			);
			dependencies = (
			);
			fileSystemSynchronizedGroups = (
				24EE11AD2F0D88FD0003DEC4 /* ServiceCountdownWidget */,
			);
			name = ServiceCountdownWidgetExtension;
			packageProductDependencies = (
			);
			productName = ServiceCountdownWidgetExtension;
			productReference = 24EE11AA2F0D88FD0003DEC4 /* ServiceCountdownWidgetExtension.appex */;
			productType = "com.apple.product-type.app-extension";
		};
/* End PBXNativeTarget section */

/* Begin PBXProject section */
		24E83F692EF344F50028CAC5 /* Project object */ = {
			isa = PBXProject;
			attributes = {
				BuildIndependentTargetsInParallel = 1;
				LastSwiftUpdateCheck = 2620;
				LastUpgradeCheck = 2620;
				TargetAttributes = {
					24E83F702EF344F50028CAC5 = {
						CreatedOnToolsVersion = 26.2;
					};
					24EE11A92F0D88FD0003DEC4 = {
						CreatedOnToolsVersion = 26.2;
					};
				};
			};
			buildConfigurationList = 24E83F6C2EF344F50028CAC5 /* Build configuration list for PBXProject "Palveluspolku" */;
			developmentRegion = fi;
			hasScannedForEncodings = 0;
			knownRegions = (
				Base,
				fi,
			);
			mainGroup = 24E83F682EF344F50028CAC5;
			minimizedProjectReferenceProxies = 1;
			packageReferences = (
				24BD6F892F0F2B7A0047E3BB /* XCRemoteSwiftPackageReference "purchases-ios-spm" */,
				245B83F42F181CC700EECC6B /* XCRemoteSwiftPackageReference "ConfettiSwiftUI" */,
			);
			preferredProjectObjectVersion = 77;
			productRefGroup = 24E83F722EF344F50028CAC5 /* Products */;
			projectDirPath = "";
			projectRoot = "";
			targets = (
				24E83F702EF344F50028CAC5 /* Palveluspolku */,
				24EE11A92F0D88FD0003DEC4 /* ServiceCountdownWidgetExtension */,
			);
		};
/* End PBXProject section */

/* Begin PBXResourcesBuildPhase section */
		24E83F6F2EF344F50028CAC5 /* Resources */ = {
			isa = PBXResourcesBuildPhase;
			buildActionMask = 2147483647;
			files = (
			);
			runOnlyForDeploymentPostprocessing = 0;
		};
		24EE11A82F0D88FD0003DEC4 /* Resources */ = {
			isa = PBXResourcesBuildPhase;
			buildActionMask = 2147483647;
			files = (
			);
			runOnlyForDeploymentPostprocessing = 0;
		};
/* End PBXResourcesBuildPhase section */

/* Begin PBXSourcesBuildPhase section */
		24E83F6D2EF344F50028CAC5 /* Sources */ = {
			isa = PBXSourcesBuildPhase;
			buildActionMask = 2147483647;
			files = (
			);
			runOnlyForDeploymentPostprocessing = 0;
		};
		24EE11A62F0D88FD0003DEC4 /* Sources */ = {
			isa = PBXSourcesBuildPhase;
			buildActionMask = 2147483647;
			files = (
			);
			runOnlyForDeploymentPostprocessing = 0;
		};
/* End PBXSourcesBuildPhase section */

/* Begin PBXTargetDependency section */
		24EE11B62F0D88FE0003DEC4 /* PBXTargetDependency */ = {
			isa = PBXTargetDependency;
			target = 24EE11A92F0D88FD0003DEC4 /* ServiceCountdownWidgetExtension */;
			targetProxy = 24EE11B52F0D88FE0003DEC4 /* PBXContainerItemProxy */;
		};
/* End PBXTargetDependency section */

/* Begin XCBuildConfiguration section */
		24E83F7C2EF344F60028CAC5 /* Debug */ = {
			isa = XCBuildConfiguration;
			buildSettings = {
				ALWAYS_SEARCH_USER_PATHS = NO;
				ASSETCATALOG_COMPILER_GENERATE_SWIFT_ASSET_SYMBOL_EXTENSIONS = YES;
				CLANG_ANALYZER_NONNULL = YES;
				CLANG_ANALYZER_NUMBER_OBJECT_CONVERSION = YES_AGGRESSIVE;
				CLANG_CXX_LANGUAGE_STANDARD = "gnu++20";
				CLANG_ENABLE_MODULES = YES;
				CLANG_ENABLE_OBJC_ARC = YES;
				CLANG_ENABLE_OBJC_WEAK = YES;
				CLANG_WARN_BLOCK_CAPTURE_AUTORELEASING = YES;
				CLANG_WARN_BOOL_CONVERSION = YES;
				CLANG_WARN_COMMA = YES;
				CLANG_WARN_CONSTANT_CONVERSION = YES;
				CLANG_WARN_DEPRECATED_OBJC_IMPLEMENTATIONS = YES;
				CLANG_WARN_DIRECT_OBJC_ISA_USAGE = YES_ERROR;
				CLANG_WARN_DOCUMENTATION_COMMENTS = YES;
				CLANG_WARN_EMPTY_BODY = YES;
				CLANG_WARN_ENUM_CONVERSION = YES;
				CLANG_WARN_INFINITE_RECURSION = YES;
				CLANG_WARN_INT_CONVERSION = YES;
				CLANG_WARN_NON_LITERAL_NULL_CONVERSION = YES;
				CLANG_WARN_OBJC_IMPLICIT_RETAIN_SELF = YES;
				CLANG_WARN_OBJC_LITERAL_CONVERSION = YES;
				CLANG_WARN_OBJC_ROOT_CLASS = YES_ERROR;
				CLANG_WARN_QUOTED_INCLUDE_IN_FRAMEWORK_HEADER = YES;
				CLANG_WARN_RANGE_LOOP_ANALYSIS = YES;
				CLANG_WARN_STRICT_PROTOTYPES = YES;
				CLANG_WARN_SUSPICIOUS_MOVE = YES;
				CLANG_WARN_UNGUARDED_AVAILABILITY = YES_AGGRESSIVE;
				CLANG_WARN_UNREACHABLE_CODE = YES;
				CLANG_WARN__DUPLICATE_METHOD_MATCH = YES;
				COPY_PHASE_STRIP = NO;
				DEBUG_INFORMATION_FORMAT = dwarf;
				DEVELOPMENT_TEAM = ZC82Y59CXU;
				ENABLE_STRICT_OBJC_MSGSEND = YES;
				ENABLE_TESTABILITY = YES;
				ENABLE_USER_SCRIPT_SANDBOXING = YES;
				GCC_C_LANGUAGE_STANDARD = gnu17;
				GCC_DYNAMIC_NO_PIC = NO;
				GCC_NO_COMMON_BLOCKS = YES;
				GCC_OPTIMIZATION_LEVEL = 0;
				GCC_PREPROCESSOR_DEFINITIONS = (
					"DEBUG=1",
					"$(inherited)",
				);
				GCC_WARN_64_TO_32_BIT_CONVERSION = YES;
				GCC_WARN_ABOUT_RETURN_TYPE = YES_ERROR;
				GCC_WARN_UNDECLARED_SELECTOR = YES;
				GCC_WARN_UNINITIALIZED_AUTOS = YES_AGGRESSIVE;
				GCC_WARN_UNUSED_FUNCTION = YES;
				GCC_WARN_UNUSED_VARIABLE = YES;
				IPHONEOS_DEPLOYMENT_TARGET = 26.2;
				LOCALIZATION_PREFERS_STRING_CATALOGS = YES;
				MTL_ENABLE_DEBUG_INFO = INCLUDE_SOURCE;
				MTL_FAST_MATH = YES;
				ONLY_ACTIVE_ARCH = YES;
				SDKROOT = iphoneos;
				SWIFT_ACTIVE_COMPILATION_CONDITIONS = "DEBUG $(inherited)";
				SWIFT_OPTIMIZATION_LEVEL = "-Onone";
			};
			name = Debug;
		};
		24E83F7D2EF344F60028CAC5 /* Release */ = {
			isa = XCBuildConfiguration;
			buildSettings = {
				ALWAYS_SEARCH_USER_PATHS = NO;
				ASSETCATALOG_COMPILER_GENERATE_SWIFT_ASSET_SYMBOL_EXTENSIONS = YES;
				CLANG_ANALYZER_NONNULL = YES;
				CLANG_ANALYZER_NUMBER_OBJECT_CONVERSION = YES_AGGRESSIVE;
				CLANG_CXX_LANGUAGE_STANDARD = "gnu++20";
				CLANG_ENABLE_MODULES = YES;
				CLANG_ENABLE_OBJC_ARC = YES;
				CLANG_ENABLE_OBJC_WEAK = YES;
				CLANG_WARN_BLOCK_CAPTURE_AUTORELEASING = YES;
				CLANG_WARN_BOOL_CONVERSION = YES;
				CLANG_WARN_COMMA = YES;
				CLANG_WARN_CONSTANT_CONVERSION = YES;
				CLANG_WARN_DEPRECATED_OBJC_IMPLEMENTATIONS = YES;
				CLANG_WARN_DIRECT_OBJC_ISA_USAGE = YES_ERROR;
				CLANG_WARN_DOCUMENTATION_COMMENTS = YES;
				CLANG_WARN_EMPTY_BODY = YES;
				CLANG_WARN_ENUM_CONVERSION = YES;
				CLANG_WARN_INFINITE_RECURSION = YES;
				CLANG_WARN_INT_CONVERSION = YES;
				CLANG_WARN_NON_LITERAL_NULL_CONVERSION = YES;
				CLANG_WARN_OBJC_IMPLICIT_RETAIN_SELF = YES;
				CLANG_WARN_OBJC_LITERAL_CONVERSION = YES;
				CLANG_WARN_OBJC_ROOT_CLASS = YES_ERROR;
				CLANG_WARN_QUOTED_INCLUDE_IN_FRAMEWORK_HEADER = YES;
				CLANG_WARN_RANGE_LOOP_ANALYSIS = YES;
				CLANG_WARN_STRICT_PROTOTYPES = YES;
				CLANG_WARN_SUSPICIOUS_MOVE = YES;
				CLANG_WARN_UNGUARDED_AVAILABILITY = YES_AGGRESSIVE;
				CLANG_WARN_UNREACHABLE_CODE = YES;
				CLANG_WARN__DUPLICATE_METHOD_MATCH = YES;
				COPY_PHASE_STRIP = NO;
				DEBUG_INFORMATION_FORMAT = "dwarf-with-dsym";
				DEVELOPMENT_TEAM = ZC82Y59CXU;
				ENABLE_NS_ASSERTIONS = NO;
				ENABLE_STRICT_OBJC_MSGSEND = YES;
				ENABLE_USER_SCRIPT_SANDBOXING = YES;
				GCC_C_LANGUAGE_STANDARD = gnu17;
				GCC_NO_COMMON_BLOCKS = YES;
				GCC_WARN_64_TO_32_BIT_CONVERSION = YES;
				GCC_WARN_ABOUT_RETURN_TYPE = YES_ERROR;
				GCC_WARN_UNDECLARED_SELECTOR = YES;
				GCC_WARN_UNINITIALIZED_AUTOS = YES_AGGRESSIVE;
				GCC_WARN_UNUSED_FUNCTION = YES;
				GCC_WARN_UNUSED_VARIABLE = YES;
				IPHONEOS_DEPLOYMENT_TARGET = 26.2;
				LOCALIZATION_PREFERS_STRING_CATALOGS = YES;
				MTL_ENABLE_DEBUG_INFO = NO;
				MTL_FAST_MATH = YES;
				SDKROOT = iphoneos;
				SWIFT_COMPILATION_MODE = wholemodule;
				VALIDATE_PRODUCT = YES;
			};
			name = Release;
		};
		24E83F7F2EF344F60028CAC5 /* Debug */ = {
			isa = XCBuildConfiguration;
			buildSettings = {
				ASSETCATALOG_COMPILER_APPICON_NAME = AppIcon;
				ASSETCATALOG_COMPILER_GLOBAL_ACCENT_COLOR_NAME = AccentColor;
				CODE_SIGN_ENTITLEMENTS = Palveluspolku/Palveluspolku.entitlements;
				CODE_SIGN_STYLE = Automatic;
				CURRENT_PROJECT_VERSION = 10;
				DEVELOPMENT_TEAM = ZC82Y59CXU;
				ENABLE_PREVIEWS = YES;
				GENERATE_INFOPLIST_FILE = YES;
				INFOPLIST_FILE = Palveluspolku/Info.plist;
				INFOPLIST_KEY_CFBundleDisplayName = "Särmä";
				INFOPLIST_KEY_UIApplicationSceneManifest_Generation = YES;
				INFOPLIST_KEY_UIApplicationSupportsIndirectInputEvents = YES;
				INFOPLIST_KEY_UILaunchScreen_Generation = YES;
				INFOPLIST_KEY_UILaunchStoryboardName = Launchscreen.swift;
				INFOPLIST_KEY_UISupportedInterfaceOrientations_iPad = "UIInterfaceOrientationPortrait UIInterfaceOrientationPortraitUpsideDown UIInterfaceOrientationLandscapeLeft UIInterfaceOrientationLandscapeRight";
				INFOPLIST_KEY_UISupportedInterfaceOrientations_iPhone = "UIInterfaceOrientationPortrait UIInterfaceOrientationLandscapeLeft UIInterfaceOrientationLandscapeRight";
				IPHONEOS_DEPLOYMENT_TARGET = 17.6;
				LD_RUNPATH_SEARCH_PATHS = (
					"$(inherited)",
					"@executable_path/Frameworks",
				);
				MARKETING_VERSION = 1.7;
				PRODUCT_BUNDLE_IDENTIFIER = Palveluspolku.Palveluspolku;
				PRODUCT_NAME = "$(TARGET_NAME)";
				STRING_CATALOG_GENERATE_SYMBOLS = YES;
				SWIFT_APPROACHABLE_CONCURRENCY = YES;
				SWIFT_DEFAULT_ACTOR_ISOLATION = MainActor;
				SWIFT_EMIT_LOC_STRINGS = YES;
				SWIFT_UPCOMING_FEATURE_MEMBER_IMPORT_VISIBILITY = YES;
				SWIFT_VERSION = 5.0;
				TARGETED_DEVICE_FAMILY = "1,2";
			};
			name = Debug;
		};
		24E83F802EF344F60028CAC5 /* Release */ = {
			isa = XCBuildConfiguration;
			buildSettings = {
				ASSETCATALOG_COMPILER_APPICON_NAME = AppIcon;
				ASSETCATALOG_COMPILER_GLOBAL_ACCENT_COLOR_NAME = AccentColor;
				CODE_SIGN_ENTITLEMENTS = Palveluspolku/Palveluspolku.entitlements;
				CODE_SIGN_STYLE = Automatic;
				CURRENT_PROJECT_VERSION = 10;
				DEVELOPMENT_TEAM = ZC82Y59CXU;
				ENABLE_PREVIEWS = YES;
				GENERATE_INFOPLIST_FILE = YES;
				INFOPLIST_FILE = Palveluspolku/Info.plist;
				INFOPLIST_KEY_CFBundleDisplayName = "Särmä";
				INFOPLIST_KEY_UIApplicationSceneManifest_Generation = YES;
				INFOPLIST_KEY_UIApplicationSupportsIndirectInputEvents = YES;
				INFOPLIST_KEY_UILaunchScreen_Generation = YES;
				INFOPLIST_KEY_UILaunchStoryboardName = Launchscreen.swift;
				INFOPLIST_KEY_UISupportedInterfaceOrientations_iPad = "UIInterfaceOrientationPortrait UIInterfaceOrientationPortraitUpsideDown UIInterfaceOrientationLandscapeLeft UIInterfaceOrientationLandscapeRight";
				INFOPLIST_KEY_UISupportedInterfaceOrientations_iPhone = "UIInterfaceOrientationPortrait UIInterfaceOrientationLandscapeLeft UIInterfaceOrientationLandscapeRight";
				IPHONEOS_DEPLOYMENT_TARGET = 17.6;
				LD_RUNPATH_SEARCH_PATHS = (
					"$(inherited)",
					"@executable_path/Frameworks",
				);
				MARKETING_VERSION = 1.7;
				PRODUCT_BUNDLE_IDENTIFIER = Palveluspolku.Palveluspolku;
				PRODUCT_NAME = "$(TARGET_NAME)";
				STRING_CATALOG_GENERATE_SYMBOLS = YES;
				SWIFT_APPROACHABLE_CONCURRENCY = YES;
				SWIFT_DEFAULT_ACTOR_ISOLATION = MainActor;
				SWIFT_EMIT_LOC_STRINGS = YES;
				SWIFT_UPCOMING_FEATURE_MEMBER_IMPORT_VISIBILITY = YES;
				SWIFT_VERSION = 5.0;
				TARGETED_DEVICE_FAMILY = "1,2";
			};
			name = Release;
		};
		24EE11B92F0D88FE0003DEC4 /* Debug */ = {
			isa = XCBuildConfiguration;
			buildSettings = {
				ASSETCATALOG_COMPILER_GLOBAL_ACCENT_COLOR_NAME = AccentColor;
				ASSETCATALOG_COMPILER_WIDGET_BACKGROUND_COLOR_NAME = WidgetBackground;
				CODE_SIGN_ENTITLEMENTS = ServiceCountdownWidgetExtension.entitlements;
				CODE_SIGN_STYLE = Automatic;
				CURRENT_PROJECT_VERSION = 10;
				DEVELOPMENT_TEAM = ZC82Y59CXU;
				GENERATE_INFOPLIST_FILE = YES;
				INFOPLIST_FILE = ServiceCountdownWidget/Info.plist;
				INFOPLIST_KEY_CFBundleDisplayName = ServiceCountdownWidget;
				INFOPLIST_KEY_NSHumanReadableCopyright = "";
				IPHONEOS_DEPLOYMENT_TARGET = 17.6;
				LD_RUNPATH_SEARCH_PATHS = (
					"$(inherited)",
					"@executable_path/Frameworks",
					"@executable_path/../../Frameworks",
				);
				MARKETING_VERSION = 1.7;
				PRODUCT_BUNDLE_IDENTIFIER = Palveluspolku.Palveluspolku.ServiceCountdownWidget;
				PRODUCT_NAME = "$(TARGET_NAME)";
				SKIP_INSTALL = YES;
				STRING_CATALOG_GENERATE_SYMBOLS = YES;
				SWIFT_APPROACHABLE_CONCURRENCY = YES;
				SWIFT_EMIT_LOC_STRINGS = YES;
				SWIFT_UPCOMING_FEATURE_MEMBER_IMPORT_VISIBILITY = YES;
				SWIFT_VERSION = 5.0;
				TARGETED_DEVICE_FAMILY = "1,2";
			};
			name = Debug;
		};
		24EE11BA2F0D88FE0003DEC4 /* Release */ = {
			isa = XCBuildConfiguration;
			buildSettings = {
				ASSETCATALOG_COMPILER_GLOBAL_ACCENT_COLOR_NAME = AccentColor;
				ASSETCATALOG_COMPILER_WIDGET_BACKGROUND_COLOR_NAME = WidgetBackground;
				CODE_SIGN_ENTITLEMENTS = ServiceCountdownWidgetExtension.entitlements;
				CODE_SIGN_STYLE = Automatic;
				CURRENT_PROJECT_VERSION = 10;
				DEVELOPMENT_TEAM = ZC82Y59CXU;
				GENERATE_INFOPLIST_FILE = YES;
				INFOPLIST_FILE = ServiceCountdownWidget/Info.plist;
				INFOPLIST_KEY_CFBundleDisplayName = ServiceCountdownWidget;
				INFOPLIST_KEY_NSHumanReadableCopyright = "";
				IPHONEOS_DEPLOYMENT_TARGET = 17.6;
				LD_RUNPATH_SEARCH_PATHS = (
					"$(inherited)",
					"@executable_path/Frameworks",
					"@executable_path/../../Frameworks",
				);
				MARKETING_VERSION = 1.7;
				PRODUCT_BUNDLE_IDENTIFIER = Palveluspolku.Palveluspolku.ServiceCountdownWidget;
				PRODUCT_NAME = "$(TARGET_NAME)";
				SKIP_INSTALL = YES;
				STRING_CATALOG_GENERATE_SYMBOLS = YES;
				SWIFT_APPROACHABLE_CONCURRENCY = YES;
				SWIFT_EMIT_LOC_STRINGS = YES;
				SWIFT_UPCOMING_FEATURE_MEMBER_IMPORT_VISIBILITY = YES;
				SWIFT_VERSION = 5.0;
				TARGETED_DEVICE_FAMILY = "1,2";
			};
			name = Release;
		};
/* End XCBuildConfiguration section */

/* Begin XCConfigurationList section */
		24E83F6C2EF344F50028CAC5 /* Build configuration list for PBXProject "Palveluspolku" */ = {
			isa = XCConfigurationList;
			buildConfigurations = (
				24E83F7C2EF344F60028CAC5 /* Debug */,
				24E83F7D2EF344F60028CAC5 /* Release */,
			);
			defaultConfigurationIsVisible = 0;
			defaultConfigurationName = Release;
		};
		24E83F7E2EF344F60028CAC5 /* Build configuration list for PBXNativeTarget "Palveluspolku" */ = {
			isa = XCConfigurationList;
			buildConfigurations = (
				24E83F7F2EF344F60028CAC5 /* Debug */,
				24E83F802EF344F60028CAC5 /* Release */,
			);
			defaultConfigurationIsVisible = 0;
			defaultConfigurationName = Release;
		};
		24EE11B82F0D88FE0003DEC4 /* Build configuration list for PBXNativeTarget "ServiceCountdownWidgetExtension" */ = {
			isa = XCConfigurationList;
			buildConfigurations = (
				24EE11B92F0D88FE0003DEC4 /* Debug */,
				24EE11BA2F0D88FE0003DEC4 /* Release */,
			);
			defaultConfigurationIsVisible = 0;
			defaultConfigurationName = Release;
		};
/* End XCConfigurationList section */

/* Begin XCRemoteSwiftPackageReference section */
		245B83F42F181CC700EECC6B /* XCRemoteSwiftPackageReference "ConfettiSwiftUI" */ = {
			isa = XCRemoteSwiftPackageReference;
			repositoryURL = "https://github.com/simibac/ConfettiSwiftUI.git";
			requirement = {
				kind = upToNextMajorVersion;
				minimumVersion = 3.0.0;
			};
		};
		24BD6F892F0F2B7A0047E3BB /* XCRemoteSwiftPackageReference "purchases-ios-spm" */ = {
			isa = XCRemoteSwiftPackageReference;
			repositoryURL = "https://github.com/RevenueCat/purchases-ios-spm.git";
			requirement = {
				kind = upToNextMajorVersion;
				minimumVersion = 5.52.1;
			};
		};
/* End XCRemoteSwiftPackageReference section */

/* Begin XCSwiftPackageProductDependency section */
		245B83F52F181CC700EECC6B /* ConfettiSwiftUI */ = {
			isa = XCSwiftPackageProductDependency;
			package = 245B83F42F181CC700EECC6B /* XCRemoteSwiftPackageReference "ConfettiSwiftUI" */;
			productName = ConfettiSwiftUI;
		};
		24BD6F8A2F0F2B7B0047E3BB /* RevenueCat */ = {
			isa = XCSwiftPackageProductDependency;
			package = 24BD6F892F0F2B7A0047E3BB /* XCRemoteSwiftPackageReference "purchases-ios-spm" */;
			productName = RevenueCat;
		};
		24BD6F8C2F0F2B7B0047E3BB /* RevenueCatUI */ = {
			isa = XCSwiftPackageProductDependency;
			package = 24BD6F892F0F2B7A0047E3BB /* XCRemoteSwiftPackageReference "purchases-ios-spm" */;
			productName = RevenueCatUI;
		};
/* End XCSwiftPackageProductDependency section */
	};
	rootObject = 24E83F692EF344F50028CAC5 /* Project object */;
}
